
Microsoft Visual Studio Solution File, Format Version 12.00
# Visual Studio Version 17
VisualStudioVersion = 17.14.36109.1 d17.14
MinimumVisualStudioVersion = 10.0.40219.1
Project("{FAE04EC0-301F-11D3-BF4B-00C04F79EFBC}") = "Entity Framework Practice", "Entity Framework Practice\Entity Framework Practice.csproj", "{535682FC-6455-4126-9C19-E61E2FF52417}"
EndProject
Global
	GlobalSection(SolutionConfigurationPlatforms) = preSolution
		Debug|Any CPU = Debug|Any CPU
		Release|Any CPU = Release|Any CPU
	EndGlobalSection
	GlobalSection(ProjectConfigurationPlatforms) = postSolution
		{535682FC-6455-4126-9C19-E61E2FF52417}.Debug|Any CPU.ActiveCfg = Debug|Any CPU
		{535682FC-6455-4126-9C19-E61E2FF52417}.Debug|Any CPU.Build.0 = Debug|Any CPU
		{535682FC-6455-4126-9C19-E61E2FF52417}.Release|Any CPU.ActiveCfg = Release|Any CPU
		{535682FC-6455-4126-9C19-E61E2FF52417}.Release|Any CPU.Build.0 = Release|Any CPU
	EndGlobalSection
	GlobalSection(SolutionProperties) = preSolution
		HideSolutionNode = FALSE
	EndGlobalSection
	GlobalSection(ExtensibilityGlobals) = postSolution
		SolutionGuid = {0B513637-943B-43AD-8DF2-2AEC5B4E27E3}
	EndGlobalSection
EndGlobal
